# This file was autogenerated by Stack.
# You should not edit this file by hand.
# For more information, please see the documentation at:
#   https://docs.haskellstack.org/en/stable/lock_files

packages:
- completed:
    name: hakyll-images
    version: 0.4.3
    git: https://github.com/urdh/hakyll-images.git
    pantry-tree:
      size: 1314
      sha256: 49a545866a2bf8167bc9fce71708e27381ab890fb15368d03a2bc80fcc73cc89
    commit: 79c8b92ca0b146c0cffb41c2015e67a73ce9437f
  original:
    git: https://github.com/urdh/hakyll-images.git
    commit: 79c8b92ca0b146c0cffb41c2015e67a73ce9437f
- completed:
    name: hsexif
    version: 0.6.1.8
    git: https://github.com/emmanueltouzery/hsexif.git
    pantry-tree:
      size: 1278
      sha256: 65d05d28dfa43d0842b5f5f40a1b4924e44bb784c36e45c14cd604f1f79fa1a7
    commit: 095b7711d9ec44d0d39dbd82e52e751c8dde39dc
  original:
    git: https://github.com/emmanueltouzery/hsexif.git
    commit: 095b7711d9ec44d0d39dbd82e52e751c8dde39dc
snapshots:
- completed:
    size: 533252
    url: https://raw.githubusercontent.com/commercialhaskell/stackage-snapshots/master/lts/16/27.yaml
    sha256: c2aaae52beeacf6a5727c1010f50e89d03869abfab6d2c2658ade9da8ed50c73
  original: lts-16.27
